
Microsoft Visual Studio Solution File, Format Version 12.00
# Visual Studio Version 17
VisualStudioVersion = 17.11.35222.181
MinimumVisualStudioVersion = 10.0.40219.1
Project("{FAE04EC0-301F-11D3-BF4B-00C04F79EFBC}") = "app_serv_web_web", "app_serv_web_web\app_serv_web_web.csproj", "{D7829193-6EB5-4B70-8A82-9AAD857F2E76}"
EndProject
Global
	GlobalSection(SolutionConfigurationPlatforms) = preSolution
		Debug|Any CPU = Debug|Any CPU
		Release|Any CPU = Release|Any CPU
	EndGlobalSection
	GlobalSection(ProjectConfigurationPlatforms) = postSolution
		{D7829193-6EB5-4B70-8A82-9AAD857F2E76}.Debug|Any CPU.ActiveCfg = Debug|Any CPU
		{D7829193-6EB5-4B70-8A82-9AAD857F2E76}.Debug|Any CPU.Build.0 = Debug|Any CPU
		{D7829193-6EB5-4B70-8A82-9AAD857F2E76}.Release|Any CPU.ActiveCfg = Release|Any CPU
		{D7829193-6EB5-4B70-8A82-9AAD857F2E76}.Release|Any CPU.Build.0 = Release|Any CPU
	EndGlobalSection
	GlobalSection(SolutionProperties) = preSolution
		HideSolutionNode = FALSE
	EndGlobalSection
	GlobalSection(ExtensibilityGlobals) = postSolution
		SolutionGuid = {6701653A-9286-40F4-BFB7-D1E9DA852684}
	EndGlobalSection
EndGlobal
